Microsoft Visual Studio Solution File, Format Version 12.00
# Visual Studio 2012
Project("{FAE04EC0-301F-11D3-BF4B-00C04F79EFBC}") = "ProjectSoldering", "ProjectSoldering.csproj", "{3A027D69-A4E1-4F6D-BAAE-4469A7412E5D}"
EndProject
Global
	GlobalSection(SolutionConfigurationPlatforms) = preSolution
	Debug|Any CPU = Debug|Any CPU
	ExportDebug|Any CPU = ExportDebug|Any CPU
	ExportRelease|Any CPU = ExportRelease|Any CPU
	EndGlobalSection
	GlobalSection(ProjectConfigurationPlatforms) = postSolution
		{3A027D69-A4E1-4F6D-BAAE-4469A7412E5D}.Debug|Any CPU.ActiveCfg = Debug|Any CPU
		{3A027D69-A4E1-4F6D-BAAE-4469A7412E5D}.Debug|Any CPU.Build.0 = Debug|Any CPU
		{3A027D69-A4E1-4F6D-BAAE-4469A7412E5D}.ExportDebug|Any CPU.ActiveCfg = ExportDebug|Any CPU
		{3A027D69-A4E1-4F6D-BAAE-4469A7412E5D}.ExportDebug|Any CPU.Build.0 = ExportDebug|Any CPU
		{3A027D69-A4E1-4F6D-BAAE-4469A7412E5D}.ExportRelease|Any CPU.ActiveCfg = ExportRelease|Any CPU
		{3A027D69-A4E1-4F6D-BAAE-4469A7412E5D}.ExportRelease|Any CPU.Build.0 = ExportRelease|Any CPU
	EndGlobalSection
EndGlobal
